// !$*UTF8*$!
{
	archiveVersion = 1;
	classes = {
	};
	objectVersion = 50;
	objects = {

/* Begin PBXBuildFile section */
		D3B89F4D219291F000351F43 /* AppDelegate.m in Sources */ = {isa = PBXBuildFile; fileRef = D3B89F4C219291F000351F43 /* AppDelegate.m */; };
		D3B89F50219291F000351F43 /* ViewController.m in Sources */ = {isa = PBXBuildFile; fileRef = D3B89F4F219291F000351F43 /* ViewController.m */; };
		D3B89F53219291F000351F43 /* Main.storyboard in Resources */ = {isa = PBXBuildFile; fileRef = D3B89F51219291F000351F43 /* Main.storyboard */; };
		D3B89F55219291F200351F43 /* Assets.xcassets in Resources */ = {isa = PBXBuildFile; fileRef = D3B89F54219291F200351F43 /* Assets.xcassets */; };
		D3B89F58219291F200351F43 /* LaunchScreen.storyboard in Resources */ = {isa = PBXBuildFile; fileRef = D3B89F56219291F200351F43 /* LaunchScreen.storyboard */; };
		D3B89F5B219291F200351F43 /* main.m in Sources */ = {isa = PBXBuildFile; fileRef = D3B89F5A219291F200351F43 /* main.m */; };
		D3B89F65219291F200351F43 /* MainProjectTests.m in Sources */ = {isa = PBXBuildFile; fileRef = D3B89F64219291F200351F43 /* MainProjectTests.m */; };
		D3B89F70219291F200351F43 /* MainProjectUITests.m in Sources */ = {isa = PBXBuildFile; fileRef = D3B89F6F219291F200351F43 /* MainProjectUITests.m */; };
/* End PBXBuildFile section */

/* Begin PBXContainerItemProxy section */
		D3B89F61219291F200351F43 /* PBXContainerItemProxy */ = {
			isa = PBXContainerItemProxy;
			containerPortal = D3B89F40219291F000351F43 /* Project object */;
			proxyType = 1;
			remoteGlobalIDString = D3B89F47219291F000351F43;
			remoteInfo = MainProject;
		};
		D3B89F6C219291F200351F43 /* PBXContainerItemProxy */ = {
			isa = PBXContainerItemProxy;
			containerPortal = D3B89F40219291F000351F43 /* Project object */;
			proxyType = 1;
			remoteGlobalIDString = D3B89F47219291F000351F43;
			remoteInfo = MainProject;
		};
/* End PBXContainerItemProxy section */

/* Begin PBXFileReference section */
		D3B89F48219291F000351F43 /* MainProject.app */ = {isa = PBXFileReference; explicitFileType = wrapper.application; includeInIndex = 0; path = MainProject.app; sourceTree = BUILT_PRODUCTS_DIR; };
		D3B89F4B219291F000351F43 /* AppDelegate.h */ = {isa = PBXFileReference; lastKnownFileType = sourcecode.c.h; path = AppDelegate.h; sourceTree = "<group>"; };
		D3B89F4C219291F000351F43 /* AppDelegate.m */ = {isa = PBXFileReference; lastKnownFileType = sourcecode.c.objc; path = AppDelegate.m; sourceTree = "<group>"; };
		D3B89F4E219291F000351F43 /* ViewController.h */ = {isa = PBXFileReference; lastKnownFileType = sourcecode.c.h; path = ViewController.h; sourceTree = "<group>"; };
		D3B89F4F219291F000351F43 /* ViewController.m */ = {isa = PBXFileReference; lastKnownFileType = sourcecode.c.objc; path = ViewController.m; sourceTree = "<group>"; };
		D3B89F52219291F000351F43 /* Base */ = {isa = PBXFileReference; lastKnownFileType = file.storyboard; name = Base; path = Base.lproj/Main.storyboard; sourceTree = "<group>"; };
		D3B89F54219291F200351F43 /* Assets.xcassets */ = {isa = PBXFileReference; lastKnownFileType = folder.assetcatalog; path = Assets.xcassets; sourceTree = "<group>"; };
		D3B89F57219291F200351F43 /* Base */ = {isa = PBXFileReference; lastKnownFileType = file.storyboard; name = Base; path = Base.lproj/LaunchScreen.storyboard; sourceTree = "<group>"; };
		D3B89F59219291F200351F43 /* Info.plist */ = {isa = PBXFileReference; lastKnownFileType = text.plist.xml; path = Info.plist; sourceTree = "<group>"; };
		D3B89F5A219291F200351F43 /* main.m */ = {isa = PBXFileReference; lastKnownFileType = sourcecode.c.objc; path = main.m; sourceTree = "<group>"; };
		D3B89F60219291F200351F43 /* MainProjectTests.xctest */ = {isa = PBXFileReference; explicitFileType = wrapper.cfbundle; includeInIndex = 0; path = MainProjectTests.xctest; sourceTree = BUILT_PRODUCTS_DIR; };
		D3B89F64219291F200351F43 /* MainProjectTests.m */ = {isa = PBXFileReference; lastKnownFileType = sourcecode.c.objc; path = MainProjectTests.m; sourceTree = "<group>"; };
		D3B89F66219291F200351F43 /* Info.plist */ = {isa = PBXFileReference; lastKnownFileType = text.plist.xml; path = Info.plist; sourceTree = "<group>"; };
		D3B89F6B219291F200351F43 /* MainProjectUITests.xctest */ = {isa = PBXFileReference; explicitFileType = wrapper.cfbundle; includeInIndex = 0; path = MainProjectUITests.xctest; sourceTree = BUILT_PRODUCTS_DIR; };
		D3B89F6F219291F200351F43 /* MainProjectUITests.m */ = {isa = PBXFileReference; lastKnownFileType = sourcecode.c.objc; path = MainProjectUITests.m; sourceTree = "<group>"; };
		D3B89F71219291F200351F43 /* Info.plist */ = {isa = PBXFileReference; lastKnownFileType = text.plist.xml; path = Info.plist; sourceTree = "<group>"; };
/* End PBXFileReference section */

/* Begin PBXFrameworksBuildPhase section */
		D3B89F45219291F000351F43 /* Frameworks */ = {
			isa = PBXFrameworksBuildPhase;
			buildActionMask = 2147483647;
			files = (
			);
			runOnlyForDeploymentPostprocessing = 0;
		};
		D3B89F5D219291F200351F43 /* Frameworks */ = {
			isa = PBXFrameworksBuildPhase;
			buildActionMask = 2147483647;
			files = (
			);
			runOnlyForDeploymentPostprocessing = 0;
		};
		D3B89F68219291F200351F43 /* Frameworks */ = {
			isa = PBXFrameworksBuildPhase;
			buildActionMask = 2147483647;
			files = (
			);
			runOnlyForDeploymentPostprocessing = 0;
		};
/* End PBXFrameworksBuildPhase section */

/* Begin PBXGroup section */
		D3B89F3F219291F000351F43 = {
			isa = PBXGroup;
			children = (
				D3B89F4A219291F000351F43 /* MainProject */,
				D3B89F63219291F200351F43 /* MainProjectTests */,
				D3B89F6E219291F200351F43 /* MainProjectUITests */,
				D3B89F49219291F000351F43 /* Products */,
			);
			sourceTree = "<group>";
		};
		D3B89F49219291F000351F43 /* Products */ = {
			isa = PBXGroup;
			children = (
				D3B89F48219291F000351F43 /* MainProject.app */,
				D3B89F60219291F200351F43 /* MainProjectTests.xctest */,
				D3B89F6B219291F200351F43 /* MainProjectUITests.xctest */,
			);
			name = Products;
			sourceTree = "<group>";
		};
		D3B89F4A219291F000351F43 /* MainProject */ = {
			isa = PBXGroup;
			children = (
				D3B89F4B219291F000351F43 /* AppDelegate.h */,
				D3B89F4C219291F000351F43 /* AppDelegate.m */,
				D3B89F4E219291F000351F43 /* ViewController.h */,
				D3B89F4F219291F000351F43 /* ViewController.m */,
				D3B89F51219291F000351F43 /* Main.storyboard */,
				D3B89F54219291F200351F43 /* Assets.xcassets */,
				D3B89F56219291F200351F43 /* LaunchScreen.storyboard */,
				D3B89F59219291F200351F43 /* Info.plist */,
				D3B89F5A219291F200351F43 /* main.m */,
			);
			path = MainProject;
			sourceTree = "<group>";
		};
		D3B89F63219291F200351F43 /* MainProjectTests */ = {
			isa = PBXGroup;
			children = (
				D3B89F64219291F200351F43 /* MainProjectTests.m */,
				D3B89F66219291F200351F43 /* Info.plist */,
			);
			path = MainProjectTests;
			sourceTree = "<group>";
		};
		D3B89F6E219291F200351F43 /* MainProjectUITests */ = {
			isa = PBXGroup;
			children = (
				D3B89F6F219291F200351F43 /* MainProjectUITests.m */,
				D3B89F71219291F200351F43 /* Info.plist */,
			);
			path = MainProjectUITests;
			sourceTree = "<group>";
		};
/* End PBXGroup section */

/* Begin PBXNativeTarget section */
		D3B89F47219291F000351F43 /* MainProject */ = {
			isa = PBXNativeTarget;
			buildConfigurationList = D3B89F74219291F200351F43 /* Build configuration list for PBXNativeTarget "MainProject" */;
			buildPhases = (
				D3B89F44219291F000351F43 /* Sources */,
				D3B89F45219291F000351F43 /* Frameworks */,
				D3B89F46219291F000351F43 /* Resources */,
			);
			buildRules = (
			);
			dependencies = (
			);
			name = MainProject;
			productName = MainProject;
			productReference = D3B89F48219291F000351F43 /* MainProject.app */;
			productType = "com.apple.product-type.application";
		};
		D3B89F5F219291F200351F43 /* MainProjectTests */ = {
			isa = PBXNativeTarget;
			buildConfigurationList = D3B89F77219291F200351F43 /* Build configuration list for PBXNativeTarget "MainProjectTests" */;
			buildPhases = (
				D3B89F5C219291F200351F43 /* Sources */,
				D3B89F5D219291F200351F43 /* Frameworks */,
				D3B89F5E219291F200351F43 /* Resources */,
			);
			buildRules = (
			);
			dependencies = (
				D3B89F62219291F200351F43 /* PBXTargetDependency */,
			);
			name = MainProjectTests;
			productName = MainProjectTests;
			productReference = D3B89F60219291F200351F43 /* MainProjectTests.xctest */;
			productType = "com.apple.product-type.bundle.unit-test";
		};
		D3B89F6A219291F200351F43 /* MainProjectUITests */ = {
			isa = PBXNativeTarget;
			buildConfigurationList = D3B89F7A219291F200351F43 /* Build configuration list for PBXNativeTarget "MainProjectUITests" */;
			buildPhases = (
				D3B89F67219291F200351F43 /* Sources */,
				D3B89F68219291F200351F43 /* Frameworks */,
				D3B89F69219291F200351F43 /* Resources */,
			);
			buildRules = (
			);
			dependencies = (
				D3B89F6D219291F200351F43 /* PBXTargetDependency */,
			);
			name = MainProjectUITests;
			productName = MainProjectUITests;
			productReference = D3B89F6B219291F200351F43 /* MainProjectUITests.xctest */;
			productType = "com.apple.product-type.bundle.ui-testing";
		};
/* End PBXNativeTarget section */

/* Begin PBXProject section */
		D3B89F40219291F000351F43 /* Project object */ = {
			isa = PBXProject;
			attributes = {
				LastUpgradeCheck = 1010;
				ORGANIZATIONNAME = pengwei;
				TargetAttributes = {
					D3B89F47219291F000351F43 = {
						CreatedOnToolsVersion = 10.1;
					};
					D3B89F5F219291F200351F43 = {
						CreatedOnToolsVersion = 10.1;
						TestTargetID = D3B89F47219291F000351F43;
					};
					D3B89F6A219291F200351F43 = {
						CreatedOnToolsVersion = 10.1;
						TestTargetID = D3B89F47219291F000351F43;
					};
				};
			};
			buildConfigurationList = D3B89F43219291F000351F43 /* Build configuration list for PBXProject "MainProject" */;
			compatibilityVersion = "Xcode 9.3";
			developmentRegion = en;
			hasScannedForEncodings = 0;
			knownRegions = (
				en,
				Base,
			);
			mainGroup = D3B89F3F219291F000351F43;
			productRefGroup = D3B89F49219291F000351F43 /* Products */;
			projectDirPath = "";
			projectRoot = "";
			targets = (
				D3B89F47219291F000351F43 /* MainProject */,
				D3B89F5F219291F200351F43 /* MainProjectTests */,
				D3B89F6A219291F200351F43 /* MainProjectUITests */,
			);
		};
/* End PBXProject section */

/* Begin PBXResourcesBuildPhase section */
		D3B89F46219291F000351F43 /* Resources */ = {
			isa = PBXResourcesBuildPhase;
			buildActionMask = 2147483647;
			files = (
				D3B89F58219291F200351F43 /* LaunchScreen.storyboard in Resources */,
				D3B89F55219291F200351F43 /* Assets.xcassets in Resources */,
				D3B89F53219291F000351F43 /* Main.storyboard in Resources */,
			);
			runOnlyForDeploymentPostprocessing = 0;
		};
		D3B89F5E219291F200351F43 /* Resources */ = {
			isa = PBXResourcesBuildPhase;
			buildActionMask = 2147483647;
			files = (
			);
			runOnlyForDeploymentPostprocessing = 0;
		};
		D3B89F69219291F200351F43 /* Resources */ = {
			isa = PBXResourcesBuildPhase;
			buildActionMask = 2147483647;
			files = (
			);
			runOnlyForDeploymentPostprocessing = 0;
		};
/* End PBXResourcesBuildPhase section */

/* Begin PBXSourcesBuildPhase section */
		D3B89F44219291F000351F43 /* Sources */ = {
			isa = PBXSourcesBuildPhase;
			buildActionMask = 2147483647;
			files = (
				D3B89F50219291F000351F43 /* ViewController.m in Sources */,
				D3B89F5B219291F200351F43 /* main.m in Sources */,
				D3B89F4D219291F000351F43 /* AppDelegate.m in Sources */,
			);
			runOnlyForDeploymentPostprocessing = 0;
		};
		D3B89F5C219291F200351F43 /* Sources */ = {
			isa = PBXSourcesBuildPhase;
			buildActionMask = 2147483647;
			files = (
				D3B89F65219291F200351F43 /* MainProjectTests.m in Sources */,
			);
			runOnlyForDeploymentPostprocessing = 0;
		};
		D3B89F67219291F200351F43 /* Sources */ = {
			isa = PBXSourcesBuildPhase;
			buildActionMask = 2147483647;
			files = (
				D3B89F70219291F200351F43 /* MainProjectUITests.m in Sources */,
			);
			runOnlyForDeploymentPostprocessing = 0;
		};
/* End PBXSourcesBuildPhase section */

/* Begin PBXTargetDependency section */
		D3B89F62219291F200351F43 /* PBXTargetDependency */ = {
			isa = PBXTargetDependency;
			target = D3B89F47219291F000351F43 /* MainProject */;
			targetProxy = D3B89F61219291F200351F43 /* PBXContainerItemProxy */;
		};
		D3B89F6D219291F200351F43 /* PBXTargetDependency */ = {
			isa = PBXTargetDependency;
			target = D3B89F47219291F000351F43 /* MainProject */;
			targetProxy = D3B89F6C219291F200351F43 /* PBXContainerItemProxy */;
		};
/* End PBXTargetDependency section */

/* Begin PBXVariantGroup section */
		D3B89F51219291F000351F43 /* Main.storyboard */ = {
			isa = PBXVariantGroup;
			children = (
				D3B89F52219291F000351F43 /* Base */,
			);
			name = Main.storyboard;
			sourceTree = "<group>";
		};
		D3B89F56219291F200351F43 /* LaunchScreen.storyboard */ = {
			isa = PBXVariantGroup;
			children = (
				D3B89F57219291F200351F43 /* Base */,
			);
			name = LaunchScreen.storyboard;
			sourceTree = "<group>";
		};
/* End PBXVariantGroup section */

/* Begin XCBuildConfiguration section */
		D3B89F72219291F200351F43 /* Debug */ = {
			isa = XCBuildConfiguration;
			buildSettings = {
				ALWAYS_SEARCH_USER_PATHS = NO;
				CLANG_ANALYZER_NONNULL = YES;
				CLANG_ANALYZER_NUMBER_OBJECT_CONVERSION = YES_AGGRESSIVE;
				CLANG_CXX_LANGUAGE_STANDARD = "gnu++14";
				CLANG_CXX_LIBRARY = "libc++";
				CLANG_ENABLE_MODULES = YES;
				CLANG_ENABLE_OBJC_ARC = YES;
				CLANG_ENABLE_OBJC_WEAK = YES;
				CLANG_WARN_BLOCK_CAPTURE_AUTORELEASING = YES;
				CLANG_WARN_BOOL_CONVERSION = YES;
				CLANG_WARN_COMMA = YES;
				CLANG_WARN_CONSTANT_CONVERSION = YES;
				CLANG_WARN_DEPRECATED_OBJC_IMPLEMENTATIONS = YES;
				CLANG_WARN_DIRECT_OBJC_ISA_USAGE = YES_ERROR;
				CLANG_WARN_DOCUMENTATION_COMMENTS = YES;
				CLANG_WARN_EMPTY_BODY = YES;
				CLANG_WARN_ENUM_CONVERSION = YES;
				CLANG_WARN_INFINITE_RECURSION = YES;
				CLANG_WARN_INT_CONVERSION = YES;
				CLANG_WARN_NON_LITERAL_NULL_CONVERSION = YES;
				CLANG_WARN_OBJC_IMPLICIT_RETAIN_SELF = YES;
				CLANG_WARN_OBJC_LITERAL_CONVERSION = YES;
				CLANG_WARN_OBJC_ROOT_CLASS = YES_ERROR;
				CLANG_WARN_RANGE_LOOP_ANALYSIS = YES;
				CLANG_WARN_STRICT_PROTOTYPES = YES;
				CLANG_WARN_SUSPICIOUS_MOVE = YES;
				CLANG_WARN_UNGUARDED_AVAILABILITY = YES_AGGRESSIVE;
				CLANG_WARN_UNREACHABLE_CODE = YES;
				CLANG_WARN__DUPLICATE_METHOD_MATCH = YES;
				CODE_SIGN_IDENTITY = "iPhone Developer";
				COPY_PHASE_STRIP = NO;
				DEBUG_INFORMATION_FORMAT = dwarf;
				ENABLE_STRICT_OBJC_MSGSEND = YES;
				ENABLE_TESTABILITY = YES;
				GCC_C_LANGUAGE_STANDARD = gnu11;
				GCC_DYNAMIC_NO_PIC = NO;
				GCC_NO_COMMON_BLOCKS = YES;
				GCC_OPTIMIZATION_LEVEL = 0;
				GCC_PREPROCESSOR_DEFINITIONS = (
					"DEBUG=1",
					"$(inherited)",
				);
				GCC_WARN_64_TO_32_BIT_CONVERSION = YES;
				GCC_WARN_ABOUT_RETURN_TYPE = YES_ERROR;
				GCC_WARN_UNDECLARED_SELECTOR = YES;
				GCC_WARN_UNINITIALIZED_AUTOS = YES_AGGRESSIVE;
				GCC_WARN_UNUSED_FUNCTION = YES;
				GCC_WARN_UNUSED_VARIABLE = YES;
				IPHONEOS_DEPLOYMENT_TARGET = 12.1;
				MTL_ENABLE_DEBUG_INFO = INCLUDE_SOURCE;
				MTL_FAST_MATH = YES;
				ONLY_ACTIVE_ARCH = YES;
				SDKROOT = iphoneos;
			};
			name = Debug;
		};
		D3B89F73219291F200351F43 /* Release */ = {
			isa = XCBuildConfiguration;
			buildSettings = {
				ALWAYS_SEARCH_USER_PATHS = NO;
				CLANG_ANALYZER_NONNULL = YES;
				CLANG_ANALYZER_NUMBER_OBJECT_CONVERSION = YES_AGGRESSIVE;
				CLANG_CXX_LANGUAGE_STANDARD = "gnu++14";
				CLANG_CXX_LIBRARY = "libc++";
				CLANG_ENABLE_MODULES = YES;
				CLANG_ENABLE_OBJC_ARC = YES;
				CLANG_ENABLE_OBJC_WEAK = YES;
				CLANG_WARN_BLOCK_CAPTURE_AUTORELEASING = YES;
				CLANG_WARN_BOOL_CONVERSION = YES;
				CLANG_WARN_COMMA = YES;
				CLANG_WARN_CONSTANT_CONVERSION = YES;
				CLANG_WARN_DEPRECATED_OBJC_IMPLEMENTATIONS = YES;
				CLANG_WARN_DIRECT_OBJC_ISA_USAGE = YES_ERROR;
				CLANG_WARN_DOCUMENTATION_COMMENTS = YES;
				CLANG_WARN_EMPTY_BODY = YES;
				CLANG_WARN_ENUM_CONVERSION = YES;
				CLANG_WARN_INFINITE_RECURSION = YES;
				CLANG_WARN_INT_CONVERSION = YES;
				CLANG_WARN_NON_LITERAL_NULL_CONVERSION = YES;
				CLANG_WARN_OBJC_IMPLICIT_RETAIN_SELF = YES;
				CLANG_WARN_OBJC_LITERAL_CONVERSION = YES;
				CLANG_WARN_OBJC_ROOT_CLASS = YES_ERROR;
				CLANG_WARN_RANGE_LOOP_ANALYSIS = YES;
				CLANG_WARN_STRICT_PROTOTYPES = YES;
				CLANG_WARN_SUSPICIOUS_MOVE = YES;
				CLANG_WARN_UNGUARDED_AVAILABILITY = YES_AGGRESSIVE;
				CLANG_WARN_UNREACHABLE_CODE = YES;
				CLANG_WARN__DUPLICATE_METHOD_MATCH = YES;
				CODE_SIGN_IDENTITY = "iPhone Developer";
				COPY_PHASE_STRIP = NO;
				DEBUG_INFORMATION_FORMAT = "dwarf-with-dsym";
				ENABLE_NS_ASSERTIONS = NO;
				ENABLE_STRICT_OBJC_MSGSEND = YES;
				GCC_C_LANGUAGE_STANDARD = gnu11;
				GCC_NO_COMMON_BLOCKS = YES;
				GCC_WARN_64_TO_32_BIT_CONVERSION = YES;
				GCC_WARN_ABOUT_RETURN_TYPE = YES_ERROR;
				GCC_WARN_UNDECLARED_SELECTOR = YES;
				GCC_WARN_UNINITIALIZED_AUTOS = YES_AGGRESSIVE;
				GCC_WARN_UNUSED_FUNCTION = YES;
				GCC_WARN_UNUSED_VARIABLE = YES;
				IPHONEOS_DEPLOYMENT_TARGET = 12.1;
				MTL_ENABLE_DEBUG_INFO = NO;
				MTL_FAST_MATH = YES;
				SDKROOT = iphoneos;
				VALIDATE_PRODUCT = YES;
			};
			name = Release;
		};
		D3B89F75219291F200351F43 /* Debug */ = {
			isa = XCBuildConfiguration;
			buildSettings = {
				ASSETCATALOG_COMPILER_APPICON_NAME = AppIcon;
				CODE_SIGN_STYLE = Automatic;
				DEVELOPMENT_TEAM = P5FM4R89LW;
				INFOPLIST_FILE = MainProject/Info.plist;
				LD_RUNPATH_SEARCH_PATHS = (
					"$(inherited)",
					"@executable_path/Frameworks",
				);
				PRODUCT_BUNDLE_IDENTIFIER = PW.MainProject;
				PRODUCT_NAME = "$(TARGET_NAME)";
				TARGETED_DEVICE_FAMILY = "1,2";
			};
			name = Debug;
		};
		D3B89F76219291F200351F43 /* Release */ = {
			isa = XCBuildConfiguration;
			buildSettings = {
				ASSETCATALOG_COMPILER_APPICON_NAME = AppIcon;
				CODE_SIGN_STYLE = Automatic;
				DEVELOPMENT_TEAM = P5FM4R89LW;
				INFOPLIST_FILE = MainProject/Info.plist;
				LD_RUNPATH_SEARCH_PATHS = (
					"$(inherited)",
					"@executable_path/Frameworks",
				);
				PRODUCT_BUNDLE_IDENTIFIER = PW.MainProject;
				PRODUCT_NAME = "$(TARGET_NAME)";
				TARGETED_DEVICE_FAMILY = "1,2";
			};
			name = Release;
		};
		D3B89F78219291F200351F43 /* Debug */ = {
			isa = XCBuildConfiguration;
			buildSettings = {
				BUNDLE_LOADER = "$(TEST_HOST)";
				CODE_SIGN_STYLE = Automatic;
				DEVELOPMENT_TEAM = P5FM4R89LW;
				INFOPLIST_FILE = MainProjectTests/Info.plist;
				LD_RUNPATH_SEARCH_PATHS = (
					"$(inherited)",
					"@executable_path/Frameworks",
					"@loader_path/Frameworks",
				);
				PRODUCT_BUNDLE_IDENTIFIER = PW.MainProjectTests;
				PRODUCT_NAME = "$(TARGET_NAME)";
				TARGETED_DEVICE_FAMILY = "1,2";
				TEST_HOST = "$(BUILT_PRODUCTS_DIR)/MainProject.app/MainProject";
			};
			name = Debug;
		};
		D3B89F79219291F200351F43 /* Release */ = {
			isa = XCBuildConfiguration;
			buildSettings = {
				BUNDLE_LOADER = "$(TEST_HOST)";
				CODE_SIGN_STYLE = Automatic;
				DEVELOPMENT_TEAM = P5FM4R89LW;
				INFOPLIST_FILE = MainProjectTests/Info.plist;
				LD_RUNPATH_SEARCH_PATHS = (
					"$(inherited)",
					"@executable_path/Frameworks",
					"@loader_path/Frameworks",
				);
				PRODUCT_BUNDLE_IDENTIFIER = PW.MainProjectTests;
				PRODUCT_NAME = "$(TARGET_NAME)";
				TARGETED_DEVICE_FAMILY = "1,2";
				TEST_HOST = "$(BUILT_PRODUCTS_DIR)/MainProject.app/MainProject";
			};
			name = Release;
		};
		D3B89F7B219291F200351F43 /* Debug */ = {
			isa = XCBuildConfiguration;
			buildSettings = {
				CODE_SIGN_STYLE = Automatic;
				DEVELOPMENT_TEAM = P5FM4R89LW;
				INFOPLIST_FILE = MainProjectUITests/Info.plist;
				LD_RUNPATH_SEARCH_PATHS = (
					"$(inherited)",
					"@executable_path/Frameworks",
					"@loader_path/Frameworks",
				);
				PRODUCT_BUNDLE_IDENTIFIER = PW.MainProjectUITests;
				PRODUCT_NAME = "$(TARGET_NAME)";
				TARGETED_DEVICE_FAMILY = "1,2";
				TEST_TARGET_NAME = MainProject;
			};
			name = Debug;
		};
		D3B89F7C219291F200351F43 /* Release */ = {
			isa = XCBuildConfiguration;
			buildSettings = {
				CODE_SIGN_STYLE = Automatic;
				DEVELOPMENT_TEAM = P5FM4R89LW;
				INFOPLIST_FILE = MainProjectUITests/Info.plist;
				LD_RUNPATH_SEARCH_PATHS = (
					"$(inherited)",
					"@executable_path/Frameworks",
					"@loader_path/Frameworks",
				);
				PRODUCT_BUNDLE_IDENTIFIER = PW.MainProjectUITests;
				PRODUCT_NAME = "$(TARGET_NAME)";
				TARGETED_DEVICE_FAMILY = "1,2";
				TEST_TARGET_NAME = MainProject;
			};
			name = Release;
		};
/* End XCBuildConfiguration section */

/* Begin XCConfigurationList section */
		D3B89F43219291F000351F43 /* Build configuration list for PBXProject "MainProject" */ = {
			isa = XCConfigurationList;
			buildConfigurations = (
				D3B89F72219291F200351F43 /* Debug */,
				D3B89F73219291F200351F43 /* Release */,
			);
			defaultConfigurationIsVisible = 0;
			defaultConfigurationName = Release;
		};
		D3B89F74219291F200351F43 /* Build configuration list for PBXNativeTarget "MainProject" */ = {
			isa = XCConfigurationList;
			buildConfigurations = (
				D3B89F75219291F200351F43 /* Debug */,
				D3B89F76219291F200351F43 /* Release */,
			);
			defaultConfigurationIsVisible = 0;
			defaultConfigurationName = Release;
		};
		D3B89F77219291F200351F43 /* Build configuration list for PBXNativeTarget "MainProjectTests" */ = {
			isa = XCConfigurationList;
			buildConfigurations = (
				D3B89F78219291F200351F43 /* Debug */,
				D3B89F79219291F200351F43 /* Release */,
			);
			defaultConfigurationIsVisible = 0;
			defaultConfigurationName = Release;
		};
		D3B89F7A219291F200351F43 /* Build configuration list for PBXNativeTarget "MainProjectUITests" */ = {
			isa = XCConfigurationList;
			buildConfigurations = (
				D3B89F7B219291F200351F43 /* Debug */,
				D3B89F7C219291F200351F43 /* Release */,
			);
			defaultConfigurationIsVisible = 0;
			defaultConfigurationName = Release;
		};
/* End XCConfigurationList section */
	};
	rootObject = D3B89F40219291F000351F43 /* Project object */;
}
